// !$*UTF8*$!
{
	archiveVersion = 1;
	classes = {
	};
	objectVersion = 48;
	objects = {

/* Begin PBXBuildFile section */
		94D46FC71FFD69E400DA0DE2 /* AppDelegate.swift in Sources */ = {isa = PBXBuildFile; fileRef = 94D46FC61FFD69E400DA0DE2 /* AppDelegate.swift */; };
		94D46FC91FFD69E400DA0DE2 /* ViewController.swift in Sources */ = {isa = PBXBuildFile; fileRef = 94D46FC81FFD69E400DA0DE2 /* ViewController.swift */; };
		94D46FCC1FFD69E500DA0DE2 /* Main.storyboard in Resources */ = {isa = PBXBuildFile; fileRef = 94D46FCA1FFD69E500DA0DE2 /* Main.storyboard */; };
		94D46FCE1FFD69E500DA0DE2 /* Assets.xcassets in Resources */ = {isa = PBXBuildFile; fileRef = 94D46FCD1FFD69E500DA0DE2 /* Assets.xcassets */; };
		94D46FD11FFD69E500DA0DE2 /* LaunchScreen.storyboard in Resources */ = {isa = PBXBuildFile; fileRef = 94D46FCF1FFD69E500DA0DE2 /* LaunchScreen.storyboard */; };
/* End PBXBuildFile section */

/* Begin PBXFileReference section */
		94D46FC31FFD69E400DA0DE2 /* ScanQRCode.app */ = {isa = PBXFileReference; explicitFileType = wrapper.application; includeInIndex = 0; path = ScanQRCode.app; sourceTree = BUILT_PRODUCTS_DIR; };
		94D46FC61FFD69E400DA0DE2 /* AppDelegate.swift */ = {isa = PBXFileReference; lastKnownFileType = sourcecode.swift; path = AppDelegate.swift; sourceTree = "<group>"; };
		94D46FC81FFD69E400DA0DE2 /* ViewController.swift */ = {isa = PBXFileReference; lastKnownFileType = sourcecode.swift; path = ViewController.swift; sourceTree = "<group>"; };
		94D46FCB1FFD69E500DA0DE2 /* Base */ = {isa = PBXFileReference; lastKnownFileType = file.storyboard; name = Base; path = Base.lproj/Main.storyboard; sourceTree = "<group>"; };
		94D46FCD1FFD69E500DA0DE2 /* Assets.xcassets */ = {isa = PBXFileReference; lastKnownFileType = folder.assetcatalog; path = Assets.xcassets; sourceTree = "<group>"; };
		94D46FD01FFD69E500DA0DE2 /* Base */ = {isa = PBXFileReference; lastKnownFileType = file.storyboard; name = Base; path = Base.lproj/LaunchScreen.storyboard; sourceTree = "<group>"; };
		94D46FD21FFD69E500DA0DE2 /* Info.plist */ = {isa = PBXFileReference; lastKnownFileType = text.plist.xml; path = Info.plist; sourceTree = "<group>"; };
/* End PBXFileReference section */

/* Begin PBXFrameworksBuildPhase section */
		94D46FC01FFD69E400DA0DE2 /* Frameworks */ = {
			isa = PBXFrameworksBuildPhase;
			buildActionMask = 2147483647;
			files = (
			);
			runOnlyForDeploymentPostprocessing = 0;
		};
/* End PBXFrameworksBuildPhase section */

/* Begin PBXGroup section */
		94D46FBA1FFD69E400DA0DE2 = {
			isa = PBXGroup;
			children = (
				94D46FC51FFD69E400DA0DE2 /* ScanQRCode */,
				94D46FC41FFD69E400DA0DE2 /* Products */,
			);
			sourceTree = "<group>";
		};
		94D46FC41FFD69E400DA0DE2 /* Products */ = {
			isa = PBXGroup;
			children = (
				94D46FC31FFD69E400DA0DE2 /* ScanQRCode.app */,
			);
			name = Products;
			sourceTree = "<group>";
		};
		94D46FC51FFD69E400DA0DE2 /* ScanQRCode */ = {
			isa = PBXGroup;
			children = (
				94D46FC61FFD69E400DA0DE2 /* AppDelegate.swift */,
				94D46FC81FFD69E400DA0DE2 /* ViewController.swift */,
				94D46FCA1FFD69E500DA0DE2 /* Main.storyboard */,
				94D46FCD1FFD69E500DA0DE2 /* Assets.xcassets */,
				94D46FCF1FFD69E500DA0DE2 /* LaunchScreen.storyboard */,
				94D46FD21FFD69E500DA0DE2 /* Info.plist */,
			);
			path = ScanQRCode;
			sourceTree = "<group>";
		};
/* End PBXGroup section */

/* Begin PBXNativeTarget section */
		94D46FC21FFD69E400DA0DE2 /* ScanQRCode */ = {
			isa = PBXNativeTarget;
			buildConfigurationList = 94D46FD51FFD69E500DA0DE2 /* Build configuration list for PBXNativeTarget "ScanQRCode" */;
			buildPhases = (
				94D46FBF1FFD69E400DA0DE2 /* Sources */,
				94D46FC01FFD69E400DA0DE2 /* Frameworks */,
				94D46FC11FFD69E400DA0DE2 /* Resources */,
			);
			buildRules = (
			);
			dependencies = (
			);
			name = ScanQRCode;
			productName = ScanQRCode;
			productReference = 94D46FC31FFD69E400DA0DE2 /* ScanQRCode.app */;
			productType = "com.apple.product-type.application";
		};
/* End PBXNativeTarget section */

/* Begin PBXProject section */
		94D46FBB1FFD69E400DA0DE2 /* Project object */ = {
			isa = PBXProject;
			attributes = {
				LastSwiftUpdateCheck = 0920;
				LastUpgradeCheck = 0920;
				ORGANIZATIONNAME = "Sreekanth Iragam Reddy";
				TargetAttributes = {
					94D46FC21FFD69E400DA0DE2 = {
						CreatedOnToolsVersion = 9.2;
						ProvisioningStyle = Automatic;
					};
				};
			};
			buildConfigurationList = 94D46FBE1FFD69E400DA0DE2 /* Build configuration list for PBXProject "ScanQRCode" */;
			compatibilityVersion = "Xcode 8.0";
			developmentRegion = en;
			hasScannedForEncodings = 0;
			knownRegions = (
				en,
				Base,
			);
			mainGroup = 94D46FBA1FFD69E400DA0DE2;
			productRefGroup = 94D46FC41FFD69E400DA0DE2 /* Products */;
			projectDirPath = "";
			projectRoot = "";
			targets = (
				94D46FC21FFD69E400DA0DE2 /* ScanQRCode */,
			);
		};
/* End PBXProject section */

/* Begin PBXResourcesBuildPhase section */
		94D46FC11FFD69E400DA0DE2 /* Resources */ = {
			isa = PBXResourcesBuildPhase;
			buildActionMask = 2147483647;
			files = (
				94D46FD11FFD69E500DA0DE2 /* LaunchScreen.storyboard in Resources */,
				94D46FCE1FFD69E500DA0DE2 /* Assets.xcassets in Resources */,
				94D46FCC1FFD69E500DA0DE2 /* Main.storyboard in Resources */,
			);
			runOnlyForDeploymentPostprocessing = 0;
		};
/* End PBXResourcesBuildPhase section */

/* Begin PBXSourcesBuildPhase section */
		94D46FBF1FFD69E400DA0DE2 /* Sources */ = {
			isa = PBXSourcesBuildPhase;
			buildActionMask = 2147483647;
			files = (
				94D46FC91FFD69E400DA0DE2 /* ViewController.swift in Sources */,
				94D46FC71FFD69E400DA0DE2 /* AppDelegate.swift in Sources */,
			);
			runOnlyForDeploymentPostprocessing = 0;
		};
/* End PBXSourcesBuildPhase section */

/* Begin PBXVariantGroup section */
		94D46FCA1FFD69E500DA0DE2 /* Main.storyboard */ = {
			isa = PBXVariantGroup;
			children = (
				94D46FCB1FFD69E500DA0DE2 /* Base */,
			);
			name = Main.storyboard;
			sourceTree = "<group>";
		};
		94D46FCF1FFD69E500DA0DE2 /* LaunchScreen.storyboard */ = {
			isa = PBXVariantGroup;
			children = (
				94D46FD01FFD69E500DA0DE2 /* Base */,
			);
			name = LaunchScreen.storyboard;
			sourceTree = "<group>";
		};
/* End PBXVariantGroup section */

/* Begin XCBuildConfiguration section */
		94D46FD31FFD69E500DA0DE2 /* Debug */ = {
			isa = XCBuildConfiguration;
			buildSettings = {
				ALWAYS_SEARCH_USER_PATHS = NO;
				CLANG_ANALYZER_NONNULL = YES;
				CLANG_ANALYZER_NUMBER_OBJECT_CONVERSION = YES_AGGRESSIVE;
				CLANG_CXX_LANGUAGE_STANDARD = "gnu++14";
				CLANG_CXX_LIBRARY = "libc++";
				CLANG_ENABLE_MODULES = YES;
				CLANG_ENABLE_OBJC_ARC = YES;
				CLANG_WARN_BLOCK_CAPTURE_AUTORELEASING = YES;
				CLANG_WARN_BOOL_CONVERSION = YES;
				CLANG_WARN_COMMA = YES;
				CLANG_WARN_CONSTANT_CONVERSION = YES;
				CLANG_WARN_DIRECT_OBJC_ISA_USAGE = YES_ERROR;
				CLANG_WARN_DOCUMENTATION_COMMENTS = YES;
				CLANG_WARN_EMPTY_BODY = YES;
				CLANG_WARN_ENUM_CONVERSION = YES;
				CLANG_WARN_INFINITE_RECURSION = YES;
				CLANG_WARN_INT_CONVERSION = YES;
				CLANG_WARN_NON_LITERAL_NULL_CONVERSION = YES;
				CLANG_WARN_OBJC_LITERAL_CONVERSION = YES;
				CLANG_WARN_OBJC_ROOT_CLASS = YES_ERROR;
				CLANG_WARN_RANGE_LOOP_ANALYSIS = YES;
				CLANG_WARN_STRICT_PROTOTYPES = YES;
				CLANG_WARN_SUSPICIOUS_MOVE = YES;
				CLANG_WARN_UNGUARDED_AVAILABILITY = YES_AGGRESSIVE;
				CLANG_WARN_UNREACHABLE_CODE = YES;
				CLANG_WARN__DUPLICATE_METHOD_MATCH = YES;
				CODE_SIGN_IDENTITY = "iPhone Developer";
				COPY_PHASE_STRIP = NO;
				DEBUG_INFORMATION_FORMAT = dwarf;
				ENABLE_STRICT_OBJC_MSGSEND = YES;
				ENABLE_TESTABILITY = YES;
				GCC_C_LANGUAGE_STANDARD = gnu11;
				GCC_DYNAMIC_NO_PIC = NO;
				GCC_NO_COMMON_BLOCKS = YES;
				GCC_OPTIMIZATION_LEVEL = 0;
				GCC_PREPROCESSOR_DEFINITIONS = (
					"DEBUG=1",
					"$(inherited)",
				);
				GCC_WARN_64_TO_32_BIT_CONVERSION = YES;
				GCC_WARN_ABOUT_RETURN_TYPE = YES_ERROR;
				GCC_WARN_UNDECLARED_SELECTOR = YES;
				GCC_WARN_UNINITIALIZED_AUTOS = YES_AGGRESSIVE;
				GCC_WARN_UNUSED_FUNCTION = YES;
				GCC_WARN_UNUSED_VARIABLE = YES;
				IPHONEOS_DEPLOYMENT_TARGET = 11.2;
				MTL_ENABLE_DEBUG_INFO = YES;
				ONLY_ACTIVE_ARCH = YES;
				SDKROOT = iphoneos;
				SWIFT_ACTIVE_COMPILATION_CONDITIONS = DEBUG;
				SWIFT_OPTIMIZATION_LEVEL = "-Onone";
			};
			name = Debug;
		};
		94D46FD41FFD69E500DA0DE2 /* Release */ = {
			isa = XCBuildConfiguration;
			buildSettings = {
				ALWAYS_SEARCH_USER_PATHS = NO;
				CLANG_ANALYZER_NONNULL = YES;
				CLANG_ANALYZER_NUMBER_OBJECT_CONVERSION = YES_AGGRESSIVE;
				CLANG_CXX_LANGUAGE_STANDARD = "gnu++14";
				CLANG_CXX_LIBRARY = "libc++";
				CLANG_ENABLE_MODULES = YES;
				CLANG_ENABLE_OBJC_ARC = YES;
				CLANG_WARN_BLOCK_CAPTURE_AUTORELEASING = YES;
				CLANG_WARN_BOOL_CONVERSION = YES;
				CLANG_WARN_COMMA = YES;
				CLANG_WARN_CONSTANT_CONVERSION = YES;
				CLANG_WARN_DIRECT_OBJC_ISA_USAGE = YES_ERROR;
				CLANG_WARN_DOCUMENTATION_COMMENTS = YES;
				CLANG_WARN_EMPTY_BODY = YES;
				CLANG_WARN_ENUM_CONVERSION = YES;
				CLANG_WARN_INFINITE_RECURSION = YES;
				CLANG_WARN_INT_CONVERSION = YES;
				CLANG_WARN_NON_LITERAL_NULL_CONVERSION = YES;
				CLANG_WARN_OBJC_LITERAL_CONVERSION = YES;
				CLANG_WARN_OBJC_ROOT_CLASS = YES_ERROR;
				CLANG_WARN_RANGE_LOOP_ANALYSIS = YES;
				CLANG_WARN_STRICT_PROTOTYPES = YES;
				CLANG_WARN_SUSPICIOUS_MOVE = YES;
				CLANG_WARN_UNGUARDED_AVAILABILITY = YES_AGGRESSIVE;
				CLANG_WARN_UNREACHABLE_CODE = YES;
				CLANG_WARN__DUPLICATE_METHOD_MATCH = YES;
				CODE_SIGN_IDENTITY = "iPhone Developer";
				COPY_PHASE_STRIP = NO;
				DEBUG_INFORMATION_FORMAT = "dwarf-with-dsym";
				ENABLE_NS_ASSERTIONS = NO;
				ENABLE_STRICT_OBJC_MSGSEND = YES;
				GCC_C_LANGUAGE_STANDARD = gnu11;
				GCC_NO_COMMON_BLOCKS = YES;
				GCC_WARN_64_TO_32_BIT_CONVERSION = YES;
				GCC_WARN_ABOUT_RETURN_TYPE = YES_ERROR;
				GCC_WARN_UNDECLARED_SELECTOR = YES;
				GCC_WARN_UNINITIALIZED_AUTOS = YES_AGGRESSIVE;
				GCC_WARN_UNUSED_FUNCTION = YES;
				GCC_WARN_UNUSED_VARIABLE = YES;
				IPHONEOS_DEPLOYMENT_TARGET = 11.2;
				MTL_ENABLE_DEBUG_INFO = NO;
				SDKROOT = iphoneos;
				SWIFT_OPTIMIZATION_LEVEL = "-Owholemodule";
				VALIDATE_PRODUCT = YES;
			};
			name = Release;
		};
		94D46FD61FFD69E500DA0DE2 /* Debug */ = {
			isa = XCBuildConfiguration;
			buildSettings = {
				ASSETCATALOG_COMPILER_APPICON_NAME = AppIcon;
				CODE_SIGN_STYLE = Automatic;
				DEVELOPMENT_TEAM = X3M3P7J4X7;
				INFOPLIST_FILE = ScanQRCode/Info.plist;
				LD_RUNPATH_SEARCH_PATHS = "$(inherited) @executable_path/Frameworks";
				PRODUCT_BUNDLE_IDENTIFIER = new.sample.ScanQRCode;
				PRODUCT_NAME = "$(TARGET_NAME)";
				SWIFT_VERSION = 4.0;
				TARGETED_DEVICE_FAMILY = "1,2";
			};
			name = Debug;
		};
		94D46FD71FFD69E500DA0DE2 /* Release */ = {
			isa = XCBuildConfiguration;
			buildSettings = {
				ASSETCATALOG_COMPILER_APPICON_NAME = AppIcon;
				CODE_SIGN_STYLE = Automatic;
				DEVELOPMENT_TEAM = X3M3P7J4X7;
				INFOPLIST_FILE = ScanQRCode/Info.plist;
				LD_RUNPATH_SEARCH_PATHS = "$(inherited) @executable_path/Frameworks";
				PRODUCT_BUNDLE_IDENTIFIER = new.sample.ScanQRCode;
				PRODUCT_NAME = "$(TARGET_NAME)";
				SWIFT_VERSION = 4.0;
				TARGETED_DEVICE_FAMILY = "1,2";
			};
			name = Release;
		};
/* End XCBuildConfiguration section */

/* Begin XCConfigurationList section */
		94D46FBE1FFD69E400DA0DE2 /* Build configuration list for PBXProject "ScanQRCode" */ = {
			isa = XCConfigurationList;
			buildConfigurations = (
				94D46FD31FFD69E500DA0DE2 /* Debug */,
				94D46FD41FFD69E500DA0DE2 /* Release */,
			);
			defaultConfigurationIsVisible = 0;
			defaultConfigurationName = Release;
		};
		94D46FD51FFD69E500DA0DE2 /* Build configuration list for PBXNativeTarget "ScanQRCode" */ = {
			isa = XCConfigurationList;
			buildConfigurations = (
				94D46FD61FFD69E500DA0DE2 /* Debug */,
				94D46FD71FFD69E500DA0DE2 /* Release */,
			);
			defaultConfigurationIsVisible = 0;
			defaultConfigurationName = Release;
		};
/* End XCConfigurationList section */
	};
	rootObject = 94D46FBB1FFD69E400DA0DE2 /* Project object */;
}
